
Microsoft Visual Studio Solution File, Format Version 12.00
# Visual Studio 15
VisualStudioVersion = 15.0.28010.2041
MinimumVisualStudioVersion = 10.0.40219.1
Project("{8BC9CEB8-8B4A-11D0-8D11-00A0C91BC942}") = "exercicio_8", "exercicio_8\exercicio_8.vcxproj", "{B106E0F6-10C3-4AF3-9C00-E81497C0CD96}"
EndProject
Global
	GlobalSection(SolutionConfigurationPlatforms) = preSolution
		Debug|x64 = Debug|x64
		Debug|x86 = Debug|x86
		Release|x64 = Release|x64
		Release|x86 = Release|x86
	EndGlobalSection
	GlobalSection(ProjectConfigurationPlatforms) = postSolution
		{B106E0F6-10C3-4AF3-9C00-E81497C0CD96}.Debug|x64.ActiveCfg = Debug|x64
		{B106E0F6-10C3-4AF3-9C00-E81497C0CD96}.Debug|x64.Build.0 = Debug|x64
		{B106E0F6-10C3-4AF3-9C00-E81497C0CD96}.Debug|x86.ActiveCfg = Debug|Win32
		{B106E0F6-10C3-4AF3-9C00-E81497C0CD96}.Debug|x86.Build.0 = Debug|Win32
		{B106E0F6-10C3-4AF3-9C00-E81497C0CD96}.Release|x64.ActiveCfg = Release|x64
		{B106E0F6-10C3-4AF3-9C00-E81497C0CD96}.Release|x64.Build.0 = Release|x64
		{B106E0F6-10C3-4AF3-9C00-E81497C0CD96}.Release|x86.ActiveCfg = Release|Win32
		{B106E0F6-10C3-4AF3-9C00-E81497C0CD96}.Release|x86.Build.0 = Release|Win32
	EndGlobalSection
	GlobalSection(SolutionProperties) = preSolution
		HideSolutionNode = FALSE
	EndGlobalSection
	GlobalSection(ExtensibilityGlobals) = postSolution
		SolutionGuid = {A5003F96-EC23-4A1E-9BDB-45929A16535C}
	EndGlobalSection
EndGlobal
