
Microsoft Visual Studio Solution File, Format Version 12.00
# Visual Studio 15
VisualStudioVersion = 15.0.28010.2041
MinimumVisualStudioVersion = 10.0.40219.1
Project("{8BC9CEB8-8B4A-11D0-8D11-00A0C91BC942}") = "exercicio_24", "exercicio_24\exercicio_24.vcxproj", "{C00661A8-7152-4B75-B505-5358D0490DFA}"
EndProject
Global
	GlobalSection(SolutionConfigurationPlatforms) = preSolution
		Debug|x64 = Debug|x64
		Debug|x86 = Debug|x86
		Release|x64 = Release|x64
		Release|x86 = Release|x86
	EndGlobalSection
	GlobalSection(ProjectConfigurationPlatforms) = postSolution
		{C00661A8-7152-4B75-B505-5358D0490DFA}.Debug|x64.ActiveCfg = Debug|x64
		{C00661A8-7152-4B75-B505-5358D0490DFA}.Debug|x64.Build.0 = Debug|x64
		{C00661A8-7152-4B75-B505-5358D0490DFA}.Debug|x86.ActiveCfg = Debug|Win32
		{C00661A8-7152-4B75-B505-5358D0490DFA}.Debug|x86.Build.0 = Debug|Win32
		{C00661A8-7152-4B75-B505-5358D0490DFA}.Release|x64.ActiveCfg = Release|x64
		{C00661A8-7152-4B75-B505-5358D0490DFA}.Release|x64.Build.0 = Release|x64
		{C00661A8-7152-4B75-B505-5358D0490DFA}.Release|x86.ActiveCfg = Release|Win32
		{C00661A8-7152-4B75-B505-5358D0490DFA}.Release|x86.Build.0 = Release|Win32
	EndGlobalSection
	GlobalSection(SolutionProperties) = preSolution
		HideSolutionNode = FALSE
	EndGlobalSection
	GlobalSection(ExtensibilityGlobals) = postSolution
		SolutionGuid = {85D5DDA9-C2B4-4BE2-B3C9-A87D206A8BA8}
	EndGlobalSection
EndGlobal
